
Microsoft Visual Studio Solution File, Format Version 12.00
# Visual Studio Version 16
VisualStudioVersion = 16.0.34407.143
MinimumVisualStudioVersion = 10.0.40219.1
Project("{FAE04EC0-301F-11D3-BF4B-00C04F79EFBC}") = "522 Miheeva", "522 Miheeva.csproj", "{5BD17D33-FAC2-455C-A476-826BE86A515F}"
EndProject
Global
	GlobalSection(SolutionConfigurationPlatforms) = preSolution
		Debug|Any CPU = Debug|Any CPU
		Release|Any CPU = Release|Any CPU
	EndGlobalSection
	GlobalSection(ProjectConfigurationPlatforms) = postSolution
		{5BD17D33-FAC2-455C-A476-826BE86A515F}.Debug|Any CPU.ActiveCfg = Debug|Any CPU
		{5BD17D33-FAC2-455C-A476-826BE86A515F}.Debug|Any CPU.Build.0 = Debug|Any CPU
		{5BD17D33-FAC2-455C-A476-826BE86A515F}.Release|Any CPU.ActiveCfg = Release|Any CPU
		{5BD17D33-FAC2-455C-A476-826BE86A515F}.Release|Any CPU.Build.0 = Release|Any CPU
	EndGlobalSection
	GlobalSection(SolutionProperties) = preSolution
		HideSolutionNode = FALSE
	EndGlobalSection
	GlobalSection(ExtensibilityGlobals) = postSolution
		SolutionGuid = {66A33C16-DA4B-4EFF-97F8-4DB680276B3E}
	EndGlobalSection
EndGlobal
